
Microsoft Visual Studio Solution File, Format Version 12.00
Project("{FAE04EC0-301F-11D3-BF4B-00C04F79EFBC}") = "Server", "Server\Server.csproj", "{F915191B-1BEF-4586-9FCE-78AD675F4E1D}"
EndProject
Project("{FAE04EC0-301F-11D3-BF4B-00C04F79EFBC}") = "Client", "Client\Client.csproj", "{E17B57A9-B5B0-42D3-8954-ED1F9393E848}"
EndProject
Project("{FAE04EC0-301F-11D3-BF4B-00C04F79EFBC}") = "BaseLibrary", "BaseLibrary\BaseLibrary.csproj", "{50E0102C-045C-46EB-9FF5-41694B2505A6}"
EndProject
Project("{FAE04EC0-301F-11D3-BF4B-00C04F79EFBC}") = "ClientLibrary", "ClientLibrary\ClientLibrary.csproj", "{D37B3B06-2498-402E-9C12-9801DA79CA94}"
EndProject
Project("{FAE04EC0-301F-11D3-BF4B-00C04F79EFBC}") = "ServerLibrary", "ServerLibrary\ServerLibrary.csproj", "{B6C410DA-E741-43F5-86E8-98273542BA6C}"
EndProject
Global
	GlobalSection(SolutionConfigurationPlatforms) = preSolution
		Debug|Any CPU = Debug|Any CPU
		Release|Any CPU = Release|Any CPU
	EndGlobalSection
	GlobalSection(ProjectConfigurationPlatforms) = postSolution
		{F915191B-1BEF-4586-9FCE-78AD675F4E1D}.Debug|Any CPU.ActiveCfg = Debug|Any CPU
		{F915191B-1BEF-4586-9FCE-78AD675F4E1D}.Debug|Any CPU.Build.0 = Debug|Any CPU
		{F915191B-1BEF-4586-9FCE-78AD675F4E1D}.Release|Any CPU.ActiveCfg = Release|Any CPU
		{F915191B-1BEF-4586-9FCE-78AD675F4E1D}.Release|Any CPU.Build.0 = Release|Any CPU
		{E17B57A9-B5B0-42D3-8954-ED1F9393E848}.Debug|Any CPU.ActiveCfg = Debug|Any CPU
		{E17B57A9-B5B0-42D3-8954-ED1F9393E848}.Debug|Any CPU.Build.0 = Debug|Any CPU
		{E17B57A9-B5B0-42D3-8954-ED1F9393E848}.Release|Any CPU.ActiveCfg = Release|Any CPU
		{E17B57A9-B5B0-42D3-8954-ED1F9393E848}.Release|Any CPU.Build.0 = Release|Any CPU
		{50E0102C-045C-46EB-9FF5-41694B2505A6}.Debug|Any CPU.ActiveCfg = Debug|Any CPU
		{50E0102C-045C-46EB-9FF5-41694B2505A6}.Debug|Any CPU.Build.0 = Debug|Any CPU
		{50E0102C-045C-46EB-9FF5-41694B2505A6}.Release|Any CPU.ActiveCfg = Release|Any CPU
		{50E0102C-045C-46EB-9FF5-41694B2505A6}.Release|Any CPU.Build.0 = Release|Any CPU
		{D37B3B06-2498-402E-9C12-9801DA79CA94}.Debug|Any CPU.ActiveCfg = Debug|Any CPU
		{D37B3B06-2498-402E-9C12-9801DA79CA94}.Debug|Any CPU.Build.0 = Debug|Any CPU
		{D37B3B06-2498-402E-9C12-9801DA79CA94}.Release|Any CPU.ActiveCfg = Release|Any CPU
		{D37B3B06-2498-402E-9C12-9801DA79CA94}.Release|Any CPU.Build.0 = Release|Any CPU
		{B6C410DA-E741-43F5-86E8-98273542BA6C}.Debug|Any CPU.ActiveCfg = Debug|Any CPU
		{B6C410DA-E741-43F5-86E8-98273542BA6C}.Debug|Any CPU.Build.0 = Debug|Any CPU
		{B6C410DA-E741-43F5-86E8-98273542BA6C}.Release|Any CPU.ActiveCfg = Release|Any CPU
		{B6C410DA-E741-43F5-86E8-98273542BA6C}.Release|Any CPU.Build.0 = Release|Any CPU
	EndGlobalSection
EndGlobal
